
Microsoft Visual Studio Solution File, Format Version 12.00
# Visual Studio Version 17
VisualStudioVersion = 17.7.34221.43
MinimumVisualStudioVersion = 10.0.40219.1
Project("{FAE04EC0-301F-11D3-BF4B-00C04F79EFBC}") = "calcapp", "calcapp.csproj", "{B39E646D-A189-4AC1-9F6B-988B913084C7}"
EndProject
Global
	GlobalSection(SolutionConfigurationPlatforms) = preSolution
		Debug|Any CPU = Debug|Any CPU
		Release|Any CPU = Release|Any CPU
	EndGlobalSection
	GlobalSection(ProjectConfigurationPlatforms) = postSolution
		{B39E646D-A189-4AC1-9F6B-988B913084C7}.Debug|Any CPU.ActiveCfg = Debug|Any CPU
		{B39E646D-A189-4AC1-9F6B-988B913084C7}.Debug|Any CPU.Build.0 = Debug|Any CPU
		{B39E646D-A189-4AC1-9F6B-988B913084C7}.Release|Any CPU.ActiveCfg = Release|Any CPU
		{B39E646D-A189-4AC1-9F6B-988B913084C7}.Release|Any CPU.Build.0 = Release|Any CPU
	EndGlobalSection
	GlobalSection(SolutionProperties) = preSolution
		HideSolutionNode = FALSE
	EndGlobalSection
	GlobalSection(ExtensibilityGlobals) = postSolution
		SolutionGuid = {0A371657-3955-4453-B38B-7EB5BAE834BD}
	EndGlobalSection
EndGlobal
