
Microsoft Visual Studio Solution File, Format Version 12.00
# Visual Studio Version 17
VisualStudioVersion = 17.7.34221.43
MinimumVisualStudioVersion = 10.0.40219.1
Project("{FAE04EC0-301F-11D3-BF4B-00C04F79EFBC}") = "sewage bill calculator", "sewage bill calculator\sewage bill calculator.csproj", "{3E8B51B7-E431-4D7F-8C99-9BC789D180F1}"
EndProject
Global
	GlobalSection(SolutionConfigurationPlatforms) = preSolution
		Debug|Any CPU = Debug|Any CPU
		Release|Any CPU = Release|Any CPU
	EndGlobalSection
	GlobalSection(ProjectConfigurationPlatforms) = postSolution
		{3E8B51B7-E431-4D7F-8C99-9BC789D180F1}.Debug|Any CPU.ActiveCfg = Debug|Any CPU
		{3E8B51B7-E431-4D7F-8C99-9BC789D180F1}.Debug|Any CPU.Build.0 = Debug|Any CPU
		{3E8B51B7-E431-4D7F-8C99-9BC789D180F1}.Release|Any CPU.ActiveCfg = Release|Any CPU
		{3E8B51B7-E431-4D7F-8C99-9BC789D180F1}.Release|Any CPU.Build.0 = Release|Any CPU
	EndGlobalSection
	GlobalSection(SolutionProperties) = preSolution
		HideSolutionNode = FALSE
	EndGlobalSection
	GlobalSection(ExtensibilityGlobals) = postSolution
		SolutionGuid = {55B1F582-254E-4802-AEB9-3A20C1596DC7}
	EndGlobalSection
EndGlobal
